
Microsoft Visual Studio Solution File, Format Version 11.00
# Visual Studio 2010
Project("{FAE04EC0-301F-11D3-BF4B-00C04F79EFBC}") = "AppHarborTest", "AppHarborTest\AppHarborTest.csproj", "{1F4A4B76-0EF3-4ACB-8A7E-14D92BD93A0C}"
EndProject
Global
	GlobalSection(SolutionConfigurationPlatforms) = preSolution
		Debug|Any CPU = Debug|Any CPU
		Release|Any CPU = Release|Any CPU
	EndGlobalSection
	GlobalSection(ProjectConfigurationPlatforms) = postSolution
		{1F4A4B76-0EF3-4ACB-8A7E-14D92BD93A0C}.Debug|Any CPU.ActiveCfg = Debug|Any CPU
		{1F4A4B76-0EF3-4ACB-8A7E-14D92BD93A0C}.Debug|Any CPU.Build.0 = Debug|Any CPU
		{1F4A4B76-0EF3-4ACB-8A7E-14D92BD93A0C}.Release|Any CPU.ActiveCfg = Release|Any CPU
		{1F4A4B76-0EF3-4ACB-8A7E-14D92BD93A0C}.Release|Any CPU.Build.0 = Release|Any CPU
	EndGlobalSection
	GlobalSection(SolutionProperties) = preSolution
		HideSolutionNode = FALSE
	EndGlobalSection
EndGlobal
